// !$*UTF8*$!
{
	archiveVersion = 1;
	classes = {
	};
	objectVersion = 55;
	objects = {

/* Begin PBXBuildFile section */
		3F1D9CD92A852C7B002AD33B /* AppDelegate.swift in Sources */ = {isa = PBXBuildFile; fileRef = 3F1D9CD82A852C7B002AD33B /* AppDelegate.swift */; };
		3F1D9CDB2A852C7B002AD33B /* SceneDelegate.swift in Sources */ = {isa = PBXBuildFile; fileRef = 3F1D9CDA2A852C7B002AD33B /* SceneDelegate.swift */; };
		3F1D9CDD2A852C7B002AD33B /* ViewController.swift in Sources */ = {isa = PBXBuildFile; fileRef = 3F1D9CDC2A852C7B002AD33B /* ViewController.swift */; };
		3F1D9CE22A852C81002AD33B /* Assets.xcassets in Resources */ = {isa = PBXBuildFile; fileRef = 3F1D9CE12A852C81002AD33B /* Assets.xcassets */; };
		3F1D9CE52A852C81002AD33B /* LaunchScreen.storyboard in Resources */ = {isa = PBXBuildFile; fileRef = 3F1D9CE32A852C81002AD33B /* LaunchScreen.storyboard */; };
		3F1D9D032A852FAA002AD33B /* A.wav in Resources */ = {isa = PBXBuildFile; fileRef = 3F1D9CFC2A852FAA002AD33B /* A.wav */; };
		3F1D9D042A852FAA002AD33B /* C.wav in Resources */ = {isa = PBXBuildFile; fileRef = 3F1D9CFD2A852FAA002AD33B /* C.wav */; };
		3F1D9D052A852FAA002AD33B /* B.wav in Resources */ = {isa = PBXBuildFile; fileRef = 3F1D9CFE2A852FAA002AD33B /* B.wav */; };
		3F1D9D062A852FAA002AD33B /* F.wav in Resources */ = {isa = PBXBuildFile; fileRef = 3F1D9CFF2A852FAA002AD33B /* F.wav */; };
		3F1D9D072A852FAA002AD33B /* G.wav in Resources */ = {isa = PBXBuildFile; fileRef = 3F1D9D002A852FAA002AD33B /* G.wav */; };
		3F1D9D082A852FAA002AD33B /* E.wav in Resources */ = {isa = PBXBuildFile; fileRef = 3F1D9D012A852FAA002AD33B /* E.wav */; };
		3F1D9D092A852FAA002AD33B /* D.wav in Resources */ = {isa = PBXBuildFile; fileRef = 3F1D9D022A852FAA002AD33B /* D.wav */; };
/* End PBXBuildFile section */

/* Begin PBXFileReference section */
		3F1D9CD52A852C7B002AD33B /* Xylophone_with_code.app */ = {isa = PBXFileReference; explicitFileType = wrapper.application; includeInIndex = 0; path = Xylophone_with_code.app; sourceTree = BUILT_PRODUCTS_DIR; };
		3F1D9CD82A852C7B002AD33B /* AppDelegate.swift */ = {isa = PBXFileReference; lastKnownFileType = sourcecode.swift; path = AppDelegate.swift; sourceTree = "<group>"; };
		3F1D9CDA2A852C7B002AD33B /* SceneDelegate.swift */ = {isa = PBXFileReference; lastKnownFileType = sourcecode.swift; path = SceneDelegate.swift; sourceTree = "<group>"; };
		3F1D9CDC2A852C7B002AD33B /* ViewController.swift */ = {isa = PBXFileReference; lastKnownFileType = sourcecode.swift; path = ViewController.swift; sourceTree = "<group>"; };
		3F1D9CE12A852C81002AD33B /* Assets.xcassets */ = {isa = PBXFileReference; lastKnownFileType = folder.assetcatalog; path = Assets.xcassets; sourceTree = "<group>"; };
		3F1D9CE42A852C81002AD33B /* Base */ = {isa = PBXFileReference; lastKnownFileType = file.storyboard; name = Base; path = Base.lproj/LaunchScreen.storyboard; sourceTree = "<group>"; };
		3F1D9CE62A852C81002AD33B /* Info.plist */ = {isa = PBXFileReference; lastKnownFileType = text.plist.xml; path = Info.plist; sourceTree = "<group>"; };
		3F1D9CFC2A852FAA002AD33B /* A.wav */ = {isa = PBXFileReference; lastKnownFileType = audio.wav; path = A.wav; sourceTree = "<group>"; };
		3F1D9CFD2A852FAA002AD33B /* C.wav */ = {isa = PBXFileReference; lastKnownFileType = audio.wav; path = C.wav; sourceTree = "<group>"; };
		3F1D9CFE2A852FAA002AD33B /* B.wav */ = {isa = PBXFileReference; lastKnownFileType = audio.wav; path = B.wav; sourceTree = "<group>"; };
		3F1D9CFF2A852FAA002AD33B /* F.wav */ = {isa = PBXFileReference; lastKnownFileType = audio.wav; path = F.wav; sourceTree = "<group>"; };
		3F1D9D002A852FAA002AD33B /* G.wav */ = {isa = PBXFileReference; lastKnownFileType = audio.wav; path = G.wav; sourceTree = "<group>"; };
		3F1D9D012A852FAA002AD33B /* E.wav */ = {isa = PBXFileReference; lastKnownFileType = audio.wav; path = E.wav; sourceTree = "<group>"; };
		3F1D9D022A852FAA002AD33B /* D.wav */ = {isa = PBXFileReference; lastKnownFileType = audio.wav; path = D.wav; sourceTree = "<group>"; };
/* End PBXFileReference section */

/* Begin PBXFrameworksBuildPhase section */
		3F1D9CD22A852C7B002AD33B /* Frameworks */ = {
			isa = PBXFrameworksBuildPhase;
			buildActionMask = 2147483647;
			files = (
			);
			runOnlyForDeploymentPostprocessing = 0;
		};
/* End PBXFrameworksBuildPhase section */

/* Begin PBXGroup section */
		3F1D9CCC2A852C7B002AD33B = {
			isa = PBXGroup;
			children = (
				3F1D9CD72A852C7B002AD33B /* Xylophone_with_code */,
				3F1D9CD62A852C7B002AD33B /* Products */,
			);
			sourceTree = "<group>";
		};
		3F1D9CD62A852C7B002AD33B /* Products */ = {
			isa = PBXGroup;
			children = (
				3F1D9CD52A852C7B002AD33B /* Xylophone_with_code.app */,
			);
			name = Products;
			sourceTree = "<group>";
		};
		3F1D9CD72A852C7B002AD33B /* Xylophone_with_code */ = {
			isa = PBXGroup;
			children = (
				3F1D9CD82A852C7B002AD33B /* AppDelegate.swift */,
				3F1D9CDA2A852C7B002AD33B /* SceneDelegate.swift */,
				3F1D9CDC2A852C7B002AD33B /* ViewController.swift */,
				3F1D9CE12A852C81002AD33B /* Assets.xcassets */,
				3F1D9CE32A852C81002AD33B /* LaunchScreen.storyboard */,
				3F1D9CE62A852C81002AD33B /* Info.plist */,
				3F1D9CFB2A852FAA002AD33B /* Sounds */,
			);
			path = Xylophone_with_code;
			sourceTree = "<group>";
		};
		3F1D9CFB2A852FAA002AD33B /* Sounds */ = {
			isa = PBXGroup;
			children = (
				3F1D9CFC2A852FAA002AD33B /* A.wav */,
				3F1D9CFD2A852FAA002AD33B /* C.wav */,
				3F1D9CFE2A852FAA002AD33B /* B.wav */,
				3F1D9CFF2A852FAA002AD33B /* F.wav */,
				3F1D9D002A852FAA002AD33B /* G.wav */,
				3F1D9D012A852FAA002AD33B /* E.wav */,
				3F1D9D022A852FAA002AD33B /* D.wav */,
			);
			path = Sounds;
			sourceTree = "<group>";
		};
/* End PBXGroup section */

/* Begin PBXNativeTarget section */
		3F1D9CD42A852C7B002AD33B /* Xylophone_with_code */ = {
			isa = PBXNativeTarget;
			buildConfigurationList = 3F1D9CE92A852C81002AD33B /* Build configuration list for PBXNativeTarget "Xylophone_with_code" */;
			buildPhases = (
				3F1D9CD12A852C7B002AD33B /* Sources */,
				3F1D9CD22A852C7B002AD33B /* Frameworks */,
				3F1D9CD32A852C7B002AD33B /* Resources */,
			);
			buildRules = (
			);
			dependencies = (
			);
			name = Xylophone_with_code;
			productName = Xylophone_with_code;
			productReference = 3F1D9CD52A852C7B002AD33B /* Xylophone_with_code.app */;
			productType = "com.apple.product-type.application";
		};
/* End PBXNativeTarget section */

/* Begin PBXProject section */
		3F1D9CCD2A852C7B002AD33B /* Project object */ = {
			isa = PBXProject;
			attributes = {
				BuildIndependentTargetsInParallel = 1;
				LastSwiftUpdateCheck = 1430;
				LastUpgradeCheck = 1430;
				TargetAttributes = {
					3F1D9CD42A852C7B002AD33B = {
						CreatedOnToolsVersion = 14.3.1;
					};
				};
			};
			buildConfigurationList = 3F1D9CD02A852C7B002AD33B /* Build configuration list for PBXProject "Xylophone_with_code" */;
			compatibilityVersion = "Xcode 13.0";
			developmentRegion = en;
			hasScannedForEncodings = 0;
			knownRegions = (
				en,
				Base,
			);
			mainGroup = 3F1D9CCC2A852C7B002AD33B;
			productRefGroup = 3F1D9CD62A852C7B002AD33B /* Products */;
			projectDirPath = "";
			projectRoot = "";
			targets = (
				3F1D9CD42A852C7B002AD33B /* Xylophone_with_code */,
			);
		};
/* End PBXProject section */

/* Begin PBXResourcesBuildPhase section */
		3F1D9CD32A852C7B002AD33B /* Resources */ = {
			isa = PBXResourcesBuildPhase;
			buildActionMask = 2147483647;
			files = (
				3F1D9D092A852FAA002AD33B /* D.wav in Resources */,
				3F1D9D042A852FAA002AD33B /* C.wav in Resources */,
				3F1D9D052A852FAA002AD33B /* B.wav in Resources */,
				3F1D9D032A852FAA002AD33B /* A.wav in Resources */,
				3F1D9D062A852FAA002AD33B /* F.wav in Resources */,
				3F1D9D072A852FAA002AD33B /* G.wav in Resources */,
				3F1D9CE52A852C81002AD33B /* LaunchScreen.storyboard in Resources */,
				3F1D9D082A852FAA002AD33B /* E.wav in Resources */,
				3F1D9CE22A852C81002AD33B /* Assets.xcassets in Resources */,
			);
			runOnlyForDeploymentPostprocessing = 0;
		};
/* End PBXResourcesBuildPhase section */

/* Begin PBXSourcesBuildPhase section */
		3F1D9CD12A852C7B002AD33B /* Sources */ = {
			isa = PBXSourcesBuildPhase;
			buildActionMask = 2147483647;
			files = (
				3F1D9CDD2A852C7B002AD33B /* ViewController.swift in Sources */,
				3F1D9CD92A852C7B002AD33B /* AppDelegate.swift in Sources */,
				3F1D9CDB2A852C7B002AD33B /* SceneDelegate.swift in Sources */,
			);
			runOnlyForDeploymentPostprocessing = 0;
		};
/* End PBXSourcesBuildPhase section */

/* Begin PBXVariantGroup section */
		3F1D9CE32A852C81002AD33B /* LaunchScreen.storyboard */ = {
			isa = PBXVariantGroup;
			children = (
				3F1D9CE42A852C81002AD33B /* Base */,
			);
			name = LaunchScreen.storyboard;
			sourceTree = "<group>";
		};
/* End PBXVariantGroup section */

/* Begin XCBuildConfiguration section */
		3F1D9CE72A852C81002AD33B /* Debug */ = {
			isa = XCBuildConfiguration;
			buildSettings = {
				ALWAYS_SEARCH_USER_PATHS = NO;
				CLANG_ANALYZER_NONNULL = YES;
				CLANG_ANALYZER_NUMBER_OBJECT_CONVERSION = YES_AGGRESSIVE;
				CLANG_CXX_LANGUAGE_STANDARD = "gnu++20";
				CLANG_ENABLE_MODULES = YES;
				CLANG_ENABLE_OBJC_ARC = YES;
				CLANG_ENABLE_OBJC_WEAK = YES;
				CLANG_WARN_BLOCK_CAPTURE_AUTORELEASING = YES;
				CLANG_WARN_BOOL_CONVERSION = YES;
				CLANG_WARN_COMMA = YES;
				CLANG_WARN_CONSTANT_CONVERSION = YES;
				CLANG_WARN_DEPRECATED_OBJC_IMPLEMENTATIONS = YES;
				CLANG_WARN_DIRECT_OBJC_ISA_USAGE = YES_ERROR;
				CLANG_WARN_DOCUMENTATION_COMMENTS = YES;
				CLANG_WARN_EMPTY_BODY = YES;
				CLANG_WARN_ENUM_CONVERSION = YES;
				CLANG_WARN_INFINITE_RECURSION = YES;
				CLANG_WARN_INT_CONVERSION = YES;
				CLANG_WARN_NON_LITERAL_NULL_CONVERSION = YES;
				CLANG_WARN_OBJC_IMPLICIT_RETAIN_SELF = YES;
				CLANG_WARN_OBJC_LITERAL_CONVERSION = YES;
				CLANG_WARN_OBJC_ROOT_CLASS = YES_ERROR;
				CLANG_WARN_QUOTED_INCLUDE_IN_FRAMEWORK_HEADER = YES;
				CLANG_WARN_RANGE_LOOP_ANALYSIS = YES;
				CLANG_WARN_STRICT_PROTOTYPES = YES;
				CLANG_WARN_SUSPICIOUS_MOVE = YES;
				CLANG_WARN_UNGUARDED_AVAILABILITY = YES_AGGRESSIVE;
				CLANG_WARN_UNREACHABLE_CODE = YES;
				CLANG_WARN__DUPLICATE_METHOD_MATCH = YES;
				COPY_PHASE_STRIP = NO;
				DEBUG_INFORMATION_FORMAT = dwarf;
				ENABLE_STRICT_OBJC_MSGSEND = YES;
				ENABLE_TESTABILITY = YES;
				GCC_C_LANGUAGE_STANDARD = gnu11;
				GCC_DYNAMIC_NO_PIC = NO;
				GCC_NO_COMMON_BLOCKS = YES;
				GCC_OPTIMIZATION_LEVEL = 0;
				GCC_PREPROCESSOR_DEFINITIONS = (
					"DEBUG=1",
					"$(inherited)",
				);
				GCC_WARN_64_TO_32_BIT_CONVERSION = YES;
				GCC_WARN_ABOUT_RETURN_TYPE = YES_ERROR;
				GCC_WARN_UNDECLARED_SELECTOR = YES;
				GCC_WARN_UNINITIALIZED_AUTOS = YES_AGGRESSIVE;
				GCC_WARN_UNUSED_FUNCTION = YES;
				GCC_WARN_UNUSED_VARIABLE = YES;
				IPHONEOS_DEPLOYMENT_TARGET = 16.4;
				MTL_ENABLE_DEBUG_INFO = INCLUDE_SOURCE;
				MTL_FAST_MATH = YES;
				ONLY_ACTIVE_ARCH = YES;
				SDKROOT = iphoneos;
				SWIFT_ACTIVE_COMPILATION_CONDITIONS = DEBUG;
				SWIFT_OPTIMIZATION_LEVEL = "-Onone";
			};
			name = Debug;
		};
		3F1D9CE82A852C81002AD33B /* Release */ = {
			isa = XCBuildConfiguration;
			buildSettings = {
				ALWAYS_SEARCH_USER_PATHS = NO;
				CLANG_ANALYZER_NONNULL = YES;
				CLANG_ANALYZER_NUMBER_OBJECT_CONVERSION = YES_AGGRESSIVE;
				CLANG_CXX_LANGUAGE_STANDARD = "gnu++20";
				CLANG_ENABLE_MODULES = YES;
				CLANG_ENABLE_OBJC_ARC = YES;
				CLANG_ENABLE_OBJC_WEAK = YES;
				CLANG_WARN_BLOCK_CAPTURE_AUTORELEASING = YES;
				CLANG_WARN_BOOL_CONVERSION = YES;
				CLANG_WARN_COMMA = YES;
				CLANG_WARN_CONSTANT_CONVERSION = YES;
				CLANG_WARN_DEPRECATED_OBJC_IMPLEMENTATIONS = YES;
				CLANG_WARN_DIRECT_OBJC_ISA_USAGE = YES_ERROR;
				CLANG_WARN_DOCUMENTATION_COMMENTS = YES;
				CLANG_WARN_EMPTY_BODY = YES;
				CLANG_WARN_ENUM_CONVERSION = YES;
				CLANG_WARN_INFINITE_RECURSION = YES;
				CLANG_WARN_INT_CONVERSION = YES;
				CLANG_WARN_NON_LITERAL_NULL_CONVERSION = YES;
				CLANG_WARN_OBJC_IMPLICIT_RETAIN_SELF = YES;
				CLANG_WARN_OBJC_LITERAL_CONVERSION = YES;
				CLANG_WARN_OBJC_ROOT_CLASS = YES_ERROR;
				CLANG_WARN_QUOTED_INCLUDE_IN_FRAMEWORK_HEADER = YES;
				CLANG_WARN_RANGE_LOOP_ANALYSIS = YES;
				CLANG_WARN_STRICT_PROTOTYPES = YES;
				CLANG_WARN_SUSPICIOUS_MOVE = YES;
				CLANG_WARN_UNGUARDED_AVAILABILITY = YES_AGGRESSIVE;
				CLANG_WARN_UNREACHABLE_CODE = YES;
				CLANG_WARN__DUPLICATE_METHOD_MATCH = YES;
				COPY_PHASE_STRIP = NO;
				DEBUG_INFORMATION_FORMAT = "dwarf-with-dsym";
				ENABLE_NS_ASSERTIONS = NO;
				ENABLE_STRICT_OBJC_MSGSEND = YES;
				GCC_C_LANGUAGE_STANDARD = gnu11;
				GCC_NO_COMMON_BLOCKS = YES;
				GCC_WARN_64_TO_32_BIT_CONVERSION = YES;
				GCC_WARN_ABOUT_RETURN_TYPE = YES_ERROR;
				GCC_WARN_UNDECLARED_SELECTOR = YES;
				GCC_WARN_UNINITIALIZED_AUTOS = YES_AGGRESSIVE;
				GCC_WARN_UNUSED_FUNCTION = YES;
				GCC_WARN_UNUSED_VARIABLE = YES;
				IPHONEOS_DEPLOYMENT_TARGET = 16.4;
				MTL_ENABLE_DEBUG_INFO = NO;
				MTL_FAST_MATH = YES;
				SDKROOT = iphoneos;
				SWIFT_COMPILATION_MODE = wholemodule;
				SWIFT_OPTIMIZATION_LEVEL = "-O";
				VALIDATE_PRODUCT = YES;
			};
			name = Release;
		};
		3F1D9CEA2A852C81002AD33B /* Debug */ = {
			isa = XCBuildConfiguration;
			buildSettings = {
				ASSETCATALOG_COMPILER_APPICON_NAME = AppIcon;
				ASSETCATALOG_COMPILER_GLOBAL_ACCENT_COLOR_NAME = AccentColor;
				CODE_SIGN_STYLE = Automatic;
				CURRENT_PROJECT_VERSION = 1;
				GENERATE_INFOPLIST_FILE = YES;
				INFOPLIST_FILE = Xylophone_with_code/Info.plist;
				INFOPLIST_KEY_UIApplicationSupportsIndirectInputEvents = YES;
				INFOPLIST_KEY_UILaunchStoryboardName = LaunchScreen;
				INFOPLIST_KEY_UISupportedInterfaceOrientations_iPad = "UIInterfaceOrientationPortrait UIInterfaceOrientationPortraitUpsideDown UIInterfaceOrientationLandscapeLeft UIInterfaceOrientationLandscapeRight";
				INFOPLIST_KEY_UISupportedInterfaceOrientations_iPhone = "UIInterfaceOrientationPortrait UIInterfaceOrientationLandscapeLeft UIInterfaceOrientationLandscapeRight";
				IPHONEOS_DEPLOYMENT_TARGET = 15.0;
				LD_RUNPATH_SEARCH_PATHS = (
					"$(inherited)",
					"@executable_path/Frameworks",
				);
				MARKETING_VERSION = 1.0;
				PRODUCT_BUNDLE_IDENTIFIER = "eldar.akhatov.Xylophone-with-code";
				PRODUCT_NAME = "$(TARGET_NAME)";
				SUPPORTED_PLATFORMS = "iphoneos iphonesimulator";
				SUPPORTS_MACCATALYST = NO;
				SUPPORTS_MAC_DESIGNED_FOR_IPHONE_IPAD = NO;
				SWIFT_EMIT_LOC_STRINGS = YES;
				SWIFT_VERSION = 5.0;
				TARGETED_DEVICE_FAMILY = 1;
			};
			name = Debug;
		};
		3F1D9CEB2A852C81002AD33B /* Release */ = {
			isa = XCBuildConfiguration;
			buildSettings = {
				ASSETCATALOG_COMPILER_APPICON_NAME = AppIcon;
				ASSETCATALOG_COMPILER_GLOBAL_ACCENT_COLOR_NAME = AccentColor;
				CODE_SIGN_STYLE = Automatic;
				CURRENT_PROJECT_VERSION = 1;
				GENERATE_INFOPLIST_FILE = YES;
				INFOPLIST_FILE = Xylophone_with_code/Info.plist;
				INFOPLIST_KEY_UIApplicationSupportsIndirectInputEvents = YES;
				INFOPLIST_KEY_UILaunchStoryboardName = LaunchScreen;
				INFOPLIST_KEY_UISupportedInterfaceOrientations_iPad = "UIInterfaceOrientationPortrait UIInterfaceOrientationPortraitUpsideDown UIInterfaceOrientationLandscapeLeft UIInterfaceOrientationLandscapeRight";
				INFOPLIST_KEY_UISupportedInterfaceOrientations_iPhone = "UIInterfaceOrientationPortrait UIInterfaceOrientationLandscapeLeft UIInterfaceOrientationLandscapeRight";
				IPHONEOS_DEPLOYMENT_TARGET = 15.0;
				LD_RUNPATH_SEARCH_PATHS = (
					"$(inherited)",
					"@executable_path/Frameworks",
				);
				MARKETING_VERSION = 1.0;
				PRODUCT_BUNDLE_IDENTIFIER = "eldar.akhatov.Xylophone-with-code";
				PRODUCT_NAME = "$(TARGET_NAME)";
				SUPPORTED_PLATFORMS = "iphoneos iphonesimulator";
				SUPPORTS_MACCATALYST = NO;
				SUPPORTS_MAC_DESIGNED_FOR_IPHONE_IPAD = NO;
				SWIFT_EMIT_LOC_STRINGS = YES;
				SWIFT_VERSION = 5.0;
				TARGETED_DEVICE_FAMILY = 1;
			};
			name = Release;
		};
/* End XCBuildConfiguration section */

/* Begin XCConfigurationList section */
		3F1D9CD02A852C7B002AD33B /* Build configuration list for PBXProject "Xylophone_with_code" */ = {
			isa = XCConfigurationList;
			buildConfigurations = (
				3F1D9CE72A852C81002AD33B /* Debug */,
				3F1D9CE82A852C81002AD33B /* Release */,
			);
			defaultConfigurationIsVisible = 0;
			defaultConfigurationName = Release;
		};
		3F1D9CE92A852C81002AD33B /* Build configuration list for PBXNativeTarget "Xylophone_with_code" */ = {
			isa = XCConfigurationList;
			buildConfigurations = (
				3F1D9CEA2A852C81002AD33B /* Debug */,
				3F1D9CEB2A852C81002AD33B /* Release */,
			);
			defaultConfigurationIsVisible = 0;
			defaultConfigurationName = Release;
		};
/* End XCConfigurationList section */
	};
	rootObject = 3F1D9CCD2A852C7B002AD33B /* Project object */;
}
